// !$*UTF8*$!
{
	archiveVersion = 1;
	classes = {
	};
	objectVersion = 50;
	objects = {

/* Begin PBXBuildFile section */
		09AF779A218E317D00743965 /* AppDelegate.swift in Sources */ = {isa = PBXBuildFile; fileRef = 09AF7799218E317D00743965 /* AppDelegate.swift */; };
		09AF779C218E317D00743965 /* ViewController.swift in Sources */ = {isa = PBXBuildFile; fileRef = 09AF779B218E317D00743965 /* ViewController.swift */; };
		09AF779F218E317D00743965 /* Main.storyboard in Resources */ = {isa = PBXBuildFile; fileRef = 09AF779D218E317D00743965 /* Main.storyboard */; };
		09AF77A1218E317F00743965 /* Assets.xcassets in Resources */ = {isa = PBXBuildFile; fileRef = 09AF77A0218E317F00743965 /* Assets.xcassets */; };
		09AF77A4218E317F00743965 /* LaunchScreen.storyboard in Resources */ = {isa = PBXBuildFile; fileRef = 09AF77A2218E317F00743965 /* LaunchScreen.storyboard */; };
		09AF77AE218E3B5800743965 /* Rubi.png in Resources */ = {isa = PBXBuildFile; fileRef = 09AF77AD218E3B5700743965 /* Rubi.png */; };
		09AF77B2218F33B500743965 /* gems-clipart-ruby-1.png in Resources */ = {isa = PBXBuildFile; fileRef = 09AF77AF218F33B400743965 /* gems-clipart-ruby-1.png */; };
		09AF77B3218F33B500743965 /* gems-clipart-ruby-1@2x.png in Resources */ = {isa = PBXBuildFile; fileRef = 09AF77B0218F33B500743965 /* gems-clipart-ruby-1@2x.png */; };
		09AF77B4218F33B500743965 /* gems-clipart-ruby-1@3x.png in Resources */ = {isa = PBXBuildFile; fileRef = 09AF77B1218F33B500743965 /* gems-clipart-ruby-1@3x.png */; };
/* End PBXBuildFile section */

/* Begin PBXFileReference section */
		09AF7796218E317D00743965 /* 01-IamRich.app */ = {isa = PBXFileReference; explicitFileType = wrapper.application; includeInIndex = 0; path = "01-IamRich.app"; sourceTree = BUILT_PRODUCTS_DIR; };
		09AF7799218E317D00743965 /* AppDelegate.swift */ = {isa = PBXFileReference; lastKnownFileType = sourcecode.swift; path = AppDelegate.swift; sourceTree = "<group>"; };
		09AF779B218E317D00743965 /* ViewController.swift */ = {isa = PBXFileReference; lastKnownFileType = sourcecode.swift; path = ViewController.swift; sourceTree = "<group>"; };
		09AF779E218E317D00743965 /* Base */ = {isa = PBXFileReference; lastKnownFileType = file.storyboard; name = Base; path = Base.lproj/Main.storyboard; sourceTree = "<group>"; };
		09AF77A0218E317F00743965 /* Assets.xcassets */ = {isa = PBXFileReference; lastKnownFileType = folder.assetcatalog; path = Assets.xcassets; sourceTree = "<group>"; };
		09AF77A3218E317F00743965 /* Base */ = {isa = PBXFileReference; lastKnownFileType = file.storyboard; name = Base; path = Base.lproj/LaunchScreen.storyboard; sourceTree = "<group>"; };
		09AF77A5218E317F00743965 /* Info.plist */ = {isa = PBXFileReference; lastKnownFileType = text.plist.xml; path = Info.plist; sourceTree = "<group>"; };
		09AF77AD218E3B5700743965 /* Rubi.png */ = {isa = PBXFileReference; lastKnownFileType = image.png; path = Rubi.png; sourceTree = "<group>"; };
		09AF77AF218F33B400743965 /* gems-clipart-ruby-1.png */ = {isa = PBXFileReference; lastKnownFileType = image.png; path = "gems-clipart-ruby-1.png"; sourceTree = "<group>"; };
		09AF77B0218F33B500743965 /* gems-clipart-ruby-1@2x.png */ = {isa = PBXFileReference; lastKnownFileType = image.png; path = "gems-clipart-ruby-1@2x.png"; sourceTree = "<group>"; };
		09AF77B1218F33B500743965 /* gems-clipart-ruby-1@3x.png */ = {isa = PBXFileReference; lastKnownFileType = image.png; path = "gems-clipart-ruby-1@3x.png"; sourceTree = "<group>"; };
/* End PBXFileReference section */

/* Begin PBXFrameworksBuildPhase section */
		09AF7793218E317D00743965 /* Frameworks */ = {
			isa = PBXFrameworksBuildPhase;
			buildActionMask = 2147483647;
			files = (
			);
			runOnlyForDeploymentPostprocessing = 0;
		};
/* End PBXFrameworksBuildPhase section */

/* Begin PBXGroup section */
		09AF778D218E317D00743965 = {
			isa = PBXGroup;
			children = (
				09AF7799218E317D00743965 /* AppDelegate.swift */,
				09AF77AC218E362600743965 /* Controler */,
				09AF77AB218E35FE00743965 /* Sr¡toryBoard */,
				09AF7798218E317D00743965 /* 01-IamRich */,
				09AF7797218E317D00743965 /* Products */,
			);
			sourceTree = "<group>";
		};
		09AF7797218E317D00743965 /* Products */ = {
			isa = PBXGroup;
			children = (
				09AF7796218E317D00743965 /* 01-IamRich.app */,
			);
			name = Products;
			sourceTree = "<group>";
		};
		09AF7798218E317D00743965 /* 01-IamRich */ = {
			isa = PBXGroup;
			children = (
				09AF77A0218E317F00743965 /* Assets.xcassets */,
				09AF77AF218F33B400743965 /* gems-clipart-ruby-1.png */,
				09AF77B0218F33B500743965 /* gems-clipart-ruby-1@2x.png */,
				09AF77B1218F33B500743965 /* gems-clipart-ruby-1@3x.png */,
				09AF77AD218E3B5700743965 /* Rubi.png */,
				09AF77A5218E317F00743965 /* Info.plist */,
			);
			path = "01-IamRich";
			sourceTree = "<group>";
		};
		09AF77AB218E35FE00743965 /* Sr¡toryBoard */ = {
			isa = PBXGroup;
			children = (
				09AF779D218E317D00743965 /* Main.storyboard */,
				09AF77A2218E317F00743965 /* LaunchScreen.storyboard */,
			);
			path = "Sr¡toryBoard";
			sourceTree = "<group>";
		};
		09AF77AC218E362600743965 /* Controler */ = {
			isa = PBXGroup;
			children = (
				09AF779B218E317D00743965 /* ViewController.swift */,
			);
			path = Controler;
			sourceTree = "<group>";
		};
/* End PBXGroup section */

/* Begin PBXNativeTarget section */
		09AF7795218E317D00743965 /* 01-IamRich */ = {
			isa = PBXNativeTarget;
			buildConfigurationList = 09AF77A8218E317F00743965 /* Build configuration list for PBXNativeTarget "01-IamRich" */;
			buildPhases = (
				09AF7792218E317D00743965 /* Sources */,
				09AF7793218E317D00743965 /* Frameworks */,
				09AF7794218E317D00743965 /* Resources */,
			);
			buildRules = (
			);
			dependencies = (
			);
			name = "01-IamRich";
			productName = "01-IamRich";
			productReference = 09AF7796218E317D00743965 /* 01-IamRich.app */;
			productType = "com.apple.product-type.application";
		};
/* End PBXNativeTarget section */

/* Begin PBXProject section */
		09AF778E218E317D00743965 /* Project object */ = {
			isa = PBXProject;
			attributes = {
				LastSwiftUpdateCheck = 1010;
				LastUpgradeCheck = 1010;
				ORGANIZATIONNAME = "Juan Antonio Fernandez Cruz";
				TargetAttributes = {
					09AF7795218E317D00743965 = {
						CreatedOnToolsVersion = 10.1;
					};
				};
			};
			buildConfigurationList = 09AF7791218E317D00743965 /* Build configuration list for PBXProject "01-IamRich" */;
			compatibilityVersion = "Xcode 9.3";
			developmentRegion = en;
			hasScannedForEncodings = 0;
			knownRegions = (
				en,
				Base,
			);
			mainGroup = 09AF778D218E317D00743965;
			productRefGroup = 09AF7797218E317D00743965 /* Products */;
			projectDirPath = "";
			projectRoot = "";
			targets = (
				09AF7795218E317D00743965 /* 01-IamRich */,
			);
		};
/* End PBXProject section */

/* Begin PBXResourcesBuildPhase section */
		09AF7794218E317D00743965 /* Resources */ = {
			isa = PBXResourcesBuildPhase;
			buildActionMask = 2147483647;
			files = (
				09AF77A4218E317F00743965 /* LaunchScreen.storyboard in Resources */,
				09AF77A1218E317F00743965 /* Assets.xcassets in Resources */,
				09AF77B3218F33B500743965 /* gems-clipart-ruby-1@2x.png in Resources */,
				09AF77B4218F33B500743965 /* gems-clipart-ruby-1@3x.png in Resources */,
				09AF779F218E317D00743965 /* Main.storyboard in Resources */,
				09AF77AE218E3B5800743965 /* Rubi.png in Resources */,
				09AF77B2218F33B500743965 /* gems-clipart-ruby-1.png in Resources */,
			);
			runOnlyForDeploymentPostprocessing = 0;
		};
/* End PBXResourcesBuildPhase section */

/* Begin PBXSourcesBuildPhase section */
		09AF7792218E317D00743965 /* Sources */ = {
			isa = PBXSourcesBuildPhase;
			buildActionMask = 2147483647;
			files = (
				09AF779C218E317D00743965 /* ViewController.swift in Sources */,
				09AF779A218E317D00743965 /* AppDelegate.swift in Sources */,
			);
			runOnlyForDeploymentPostprocessing = 0;
		};
/* End PBXSourcesBuildPhase section */

/* Begin PBXVariantGroup section */
		09AF779D218E317D00743965 /* Main.storyboard */ = {
			isa = PBXVariantGroup;
			children = (
				09AF779E218E317D00743965 /* Base */,
			);
			name = Main.storyboard;
			sourceTree = "<group>";
		};
		09AF77A2218E317F00743965 /* LaunchScreen.storyboard */ = {
			isa = PBXVariantGroup;
			children = (
				09AF77A3218E317F00743965 /* Base */,
			);
			name = LaunchScreen.storyboard;
			sourceTree = "<group>";
		};
/* End PBXVariantGroup section */

/* Begin XCBuildConfiguration section */
		09AF77A6218E317F00743965 /* Debug */ = {
			isa = XCBuildConfiguration;
			buildSettings = {
				ALWAYS_SEARCH_USER_PATHS = NO;
				CLANG_ANALYZER_NONNULL = YES;
				CLANG_ANALYZER_NUMBER_OBJECT_CONVERSION = YES_AGGRESSIVE;
				CLANG_CXX_LANGUAGE_STANDARD = "gnu++14";
				CLANG_CXX_LIBRARY = "libc++";
				CLANG_ENABLE_MODULES = YES;
				CLANG_ENABLE_OBJC_ARC = YES;
				CLANG_ENABLE_OBJC_WEAK = YES;
				CLANG_WARN_BLOCK_CAPTURE_AUTORELEASING = YES;
				CLANG_WARN_BOOL_CONVERSION = YES;
				CLANG_WARN_COMMA = YES;
				CLANG_WARN_CONSTANT_CONVERSION = YES;
				CLANG_WARN_DEPRECATED_OBJC_IMPLEMENTATIONS = YES;
				CLANG_WARN_DIRECT_OBJC_ISA_USAGE = YES_ERROR;
				CLANG_WARN_DOCUMENTATION_COMMENTS = YES;
				CLANG_WARN_EMPTY_BODY = YES;
				CLANG_WARN_ENUM_CONVERSION = YES;
				CLANG_WARN_INFINITE_RECURSION = YES;
				CLANG_WARN_INT_CONVERSION = YES;
				CLANG_WARN_NON_LITERAL_NULL_CONVERSION = YES;
				CLANG_WARN_OBJC_IMPLICIT_RETAIN_SELF = YES;
				CLANG_WARN_OBJC_LITERAL_CONVERSION = YES;
				CLANG_WARN_OBJC_ROOT_CLASS = YES_ERROR;
				CLANG_WARN_RANGE_LOOP_ANALYSIS = YES;
				CLANG_WARN_STRICT_PROTOTYPES = YES;
				CLANG_WARN_SUSPICIOUS_MOVE = YES;
				CLANG_WARN_UNGUARDED_AVAILABILITY = YES_AGGRESSIVE;
				CLANG_WARN_UNREACHABLE_CODE = YES;
				CLANG_WARN__DUPLICATE_METHOD_MATCH = YES;
				CODE_SIGN_IDENTITY = "iPhone Developer";
				COPY_PHASE_STRIP = NO;
				DEBUG_INFORMATION_FORMAT = dwarf;
				ENABLE_STRICT_OBJC_MSGSEND = YES;
				ENABLE_TESTABILITY = YES;
				GCC_C_LANGUAGE_STANDARD = gnu11;
				GCC_DYNAMIC_NO_PIC = NO;
				GCC_NO_COMMON_BLOCKS = YES;
				GCC_OPTIMIZATION_LEVEL = 0;
				GCC_PREPROCESSOR_DEFINITIONS = (
					"DEBUG=1",
					"$(inherited)",
				);
				GCC_WARN_64_TO_32_BIT_CONVERSION = YES;
				GCC_WARN_ABOUT_RETURN_TYPE = YES_ERROR;
				GCC_WARN_UNDECLARED_SELECTOR = YES;
				GCC_WARN_UNINITIALIZED_AUTOS = YES_AGGRESSIVE;
				GCC_WARN_UNUSED_FUNCTION = YES;
				GCC_WARN_UNUSED_VARIABLE = YES;
				IPHONEOS_DEPLOYMENT_TARGET = 12.1;
				MTL_ENABLE_DEBUG_INFO = INCLUDE_SOURCE;
				MTL_FAST_MATH = YES;
				ONLY_ACTIVE_ARCH = YES;
				SDKROOT = iphoneos;
				SWIFT_ACTIVE_COMPILATION_CONDITIONS = DEBUG;
				SWIFT_OPTIMIZATION_LEVEL = "-Onone";
			};
			name = Debug;
		};
		09AF77A7218E317F00743965 /* Release */ = {
			isa = XCBuildConfiguration;
			buildSettings = {
				ALWAYS_SEARCH_USER_PATHS = NO;
				CLANG_ANALYZER_NONNULL = YES;
				CLANG_ANALYZER_NUMBER_OBJECT_CONVERSION = YES_AGGRESSIVE;
				CLANG_CXX_LANGUAGE_STANDARD = "gnu++14";
				CLANG_CXX_LIBRARY = "libc++";
				CLANG_ENABLE_MODULES = YES;
				CLANG_ENABLE_OBJC_ARC = YES;
				CLANG_ENABLE_OBJC_WEAK = YES;
				CLANG_WARN_BLOCK_CAPTURE_AUTORELEASING = YES;
				CLANG_WARN_BOOL_CONVERSION = YES;
				CLANG_WARN_COMMA = YES;
				CLANG_WARN_CONSTANT_CONVERSION = YES;
				CLANG_WARN_DEPRECATED_OBJC_IMPLEMENTATIONS = YES;
				CLANG_WARN_DIRECT_OBJC_ISA_USAGE = YES_ERROR;
				CLANG_WARN_DOCUMENTATION_COMMENTS = YES;
				CLANG_WARN_EMPTY_BODY = YES;
				CLANG_WARN_ENUM_CONVERSION = YES;
				CLANG_WARN_INFINITE_RECURSION = YES;
				CLANG_WARN_INT_CONVERSION = YES;
				CLANG_WARN_NON_LITERAL_NULL_CONVERSION = YES;
				CLANG_WARN_OBJC_IMPLICIT_RETAIN_SELF = YES;
				CLANG_WARN_OBJC_LITERAL_CONVERSION = YES;
				CLANG_WARN_OBJC_ROOT_CLASS = YES_ERROR;
				CLANG_WARN_RANGE_LOOP_ANALYSIS = YES;
				CLANG_WARN_STRICT_PROTOTYPES = YES;
				CLANG_WARN_SUSPICIOUS_MOVE = YES;
				CLANG_WARN_UNGUARDED_AVAILABILITY = YES_AGGRESSIVE;
				CLANG_WARN_UNREACHABLE_CODE = YES;
				CLANG_WARN__DUPLICATE_METHOD_MATCH = YES;
				CODE_SIGN_IDENTITY = "iPhone Developer";
				COPY_PHASE_STRIP = NO;
				DEBUG_INFORMATION_FORMAT = "dwarf-with-dsym";
				ENABLE_NS_ASSERTIONS = NO;
				ENABLE_STRICT_OBJC_MSGSEND = YES;
				GCC_C_LANGUAGE_STANDARD = gnu11;
				GCC_NO_COMMON_BLOCKS = YES;
				GCC_WARN_64_TO_32_BIT_CONVERSION = YES;
				GCC_WARN_ABOUT_RETURN_TYPE = YES_ERROR;
				GCC_WARN_UNDECLARED_SELECTOR = YES;
				GCC_WARN_UNINITIALIZED_AUTOS = YES_AGGRESSIVE;
				GCC_WARN_UNUSED_FUNCTION = YES;
				GCC_WARN_UNUSED_VARIABLE = YES;
				IPHONEOS_DEPLOYMENT_TARGET = 12.1;
				MTL_ENABLE_DEBUG_INFO = NO;
				MTL_FAST_MATH = YES;
				SDKROOT = iphoneos;
				SWIFT_COMPILATION_MODE = wholemodule;
				SWIFT_OPTIMIZATION_LEVEL = "-O";
				VALIDATE_PRODUCT = YES;
			};
			name = Release;
		};
		09AF77A9218E317F00743965 /* Debug */ = {
			isa = XCBuildConfiguration;
			buildSettings = {
				ASSETCATALOG_COMPILER_APPICON_NAME = AppIcon;
				CODE_SIGN_STYLE = Automatic;
				DEVELOPMENT_TEAM = P7YL2DR45F;
				INFOPLIST_FILE = "01-IamRich/Info.plist";
				LD_RUNPATH_SEARCH_PATHS = (
					"$(inherited)",
					"@executable_path/Frameworks",
				);
				PRODUCT_BUNDLE_IDENTIFIER = "com.JAFC.-1-IamRich";
				PRODUCT_NAME = "$(TARGET_NAME)";
				SWIFT_VERSION = 4.2;
				TARGETED_DEVICE_FAMILY = "1,2";
			};
			name = Debug;
		};
		09AF77AA218E317F00743965 /* Release */ = {
			isa = XCBuildConfiguration;
			buildSettings = {
				ASSETCATALOG_COMPILER_APPICON_NAME = AppIcon;
				CODE_SIGN_STYLE = Automatic;
				DEVELOPMENT_TEAM = P7YL2DR45F;
				INFOPLIST_FILE = "01-IamRich/Info.plist";
				LD_RUNPATH_SEARCH_PATHS = (
					"$(inherited)",
					"@executable_path/Frameworks",
				);
				PRODUCT_BUNDLE_IDENTIFIER = "com.JAFC.-1-IamRich";
				PRODUCT_NAME = "$(TARGET_NAME)";
				SWIFT_VERSION = 4.2;
				TARGETED_DEVICE_FAMILY = "1,2";
			};
			name = Release;
		};
/* End XCBuildConfiguration section */

/* Begin XCConfigurationList section */
		09AF7791218E317D00743965 /* Build configuration list for PBXProject "01-IamRich" */ = {
			isa = XCConfigurationList;
			buildConfigurations = (
				09AF77A6218E317F00743965 /* Debug */,
				09AF77A7218E317F00743965 /* Release */,
			);
			defaultConfigurationIsVisible = 0;
			defaultConfigurationName = Release;
		};
		09AF77A8218E317F00743965 /* Build configuration list for PBXNativeTarget "01-IamRich" */ = {
			isa = XCConfigurationList;
			buildConfigurations = (
				09AF77A9218E317F00743965 /* Debug */,
				09AF77AA218E317F00743965 /* Release */,
			);
			defaultConfigurationIsVisible = 0;
			defaultConfigurationName = Release;
		};
/* End XCConfigurationList section */
	};
	rootObject = 09AF778E218E317D00743965 /* Project object */;
}
